
Microsoft Visual Studio Solution File, Format Version 12.00
# Visual Studio 14
VisualStudioVersion = 14.0.25420.1
MinimumVisualStudioVersion = 10.0.40219.1
Project("{FAE04EC0-301F-11D3-BF4B-00C04F79EFBC}") = "Model", "Model\Model.csproj", "{76E9BA9B-A98D-441E-9ED8-D2FE3BC6EC03}"
EndProject
Project("{FAE04EC0-301F-11D3-BF4B-00C04F79EFBC}") = "Core", "Core\Core.csproj", "{ED0E7F67-28EB-41C4-BC0D-071D8B641EF7}"
EndProject
Project("{FAE04EC0-301F-11D3-BF4B-00C04F79EFBC}") = "Services", "Services\Services.csproj", "{02D50E5E-3858-49F7-88C0-0C9A5DC9B5F1}"
EndProject
Project("{FAE04EC0-301F-11D3-BF4B-00C04F79EFBC}") = "BDDTest", "BDDTest\BDDTest.csproj", "{C1DF1544-815F-403D-9EC7-64E9C8346DEA}"
EndProject
Global
	GlobalSection(SolutionConfigurationPlatforms) = preSolution
		Debug|Any CPU = Debug|Any CPU
		Release|Any CPU = Release|Any CPU
	EndGlobalSection
	GlobalSection(ProjectConfigurationPlatforms) = postSolution
		{76E9BA9B-A98D-441E-9ED8-D2FE3BC6EC03}.Debug|Any CPU.ActiveCfg = Debug|Any CPU
		{76E9BA9B-A98D-441E-9ED8-D2FE3BC6EC03}.Debug|Any CPU.Build.0 = Debug|Any CPU
		{76E9BA9B-A98D-441E-9ED8-D2FE3BC6EC03}.Release|Any CPU.ActiveCfg = Release|Any CPU
		{76E9BA9B-A98D-441E-9ED8-D2FE3BC6EC03}.Release|Any CPU.Build.0 = Release|Any CPU
		{ED0E7F67-28EB-41C4-BC0D-071D8B641EF7}.Debug|Any CPU.ActiveCfg = Debug|Any CPU
		{ED0E7F67-28EB-41C4-BC0D-071D8B641EF7}.Debug|Any CPU.Build.0 = Debug|Any CPU
		{ED0E7F67-28EB-41C4-BC0D-071D8B641EF7}.Release|Any CPU.ActiveCfg = Release|Any CPU
		{ED0E7F67-28EB-41C4-BC0D-071D8B641EF7}.Release|Any CPU.Build.0 = Release|Any CPU
		{02D50E5E-3858-49F7-88C0-0C9A5DC9B5F1}.Debug|Any CPU.ActiveCfg = Debug|Any CPU
		{02D50E5E-3858-49F7-88C0-0C9A5DC9B5F1}.Debug|Any CPU.Build.0 = Debug|Any CPU
		{02D50E5E-3858-49F7-88C0-0C9A5DC9B5F1}.Release|Any CPU.ActiveCfg = Release|Any CPU
		{02D50E5E-3858-49F7-88C0-0C9A5DC9B5F1}.Release|Any CPU.Build.0 = Release|Any CPU
		{C1DF1544-815F-403D-9EC7-64E9C8346DEA}.Debug|Any CPU.ActiveCfg = Debug|Any CPU
		{C1DF1544-815F-403D-9EC7-64E9C8346DEA}.Debug|Any CPU.Build.0 = Debug|Any CPU
		{C1DF1544-815F-403D-9EC7-64E9C8346DEA}.Release|Any CPU.ActiveCfg = Release|Any CPU
		{C1DF1544-815F-403D-9EC7-64E9C8346DEA}.Release|Any CPU.Build.0 = Release|Any CPU
	EndGlobalSection
	GlobalSection(SolutionProperties) = preSolution
		HideSolutionNode = FALSE
	EndGlobalSection
EndGlobal
